
Microsoft Visual Studio Solution File, Format Version 12.00
# Visual Studio Version 17
VisualStudioVersion = 17.11.35327.3
MinimumVisualStudioVersion = 10.0.40219.1
Project("{FAE04EC0-301F-11D3-BF4B-00C04F79EFBC}") = "JeudeMot", "JeudeMot\JeudeMot.csproj", "{A2FB877D-EECC-4082-8BA6-8A68C54F2B0A}"
EndProject
Global
	GlobalSection(SolutionConfigurationPlatforms) = preSolution
		Debug|Any CPU = Debug|Any CPU
		Release|Any CPU = Release|Any CPU
	EndGlobalSection
	GlobalSection(ProjectConfigurationPlatforms) = postSolution
		{A2FB877D-EECC-4082-8BA6-8A68C54F2B0A}.Debug|Any CPU.ActiveCfg = Debug|Any CPU
		{A2FB877D-EECC-4082-8BA6-8A68C54F2B0A}.Debug|Any CPU.Build.0 = Debug|Any CPU
		{A2FB877D-EECC-4082-8BA6-8A68C54F2B0A}.Release|Any CPU.ActiveCfg = Release|Any CPU
		{A2FB877D-EECC-4082-8BA6-8A68C54F2B0A}.Release|Any CPU.Build.0 = Release|Any CPU
	EndGlobalSection
	GlobalSection(SolutionProperties) = preSolution
		HideSolutionNode = FALSE
	EndGlobalSection
	GlobalSection(ExtensibilityGlobals) = postSolution
		SolutionGuid = {447EEF94-E524-43AA-AF79-A1C98C588CB2}
	EndGlobalSection
EndGlobal
